// !$*UTF8*$!
{
	archiveVersion = 1;
	classes = {
	};
	objectVersion = 46;
	objects = {

/* Begin PBXBuildFile section */
		33E2FAA11AB230030033A6AC /* main.m in Sources */ = {isa = PBXBuildFile; fileRef = 33E2FAA01AB230030033A6AC /* main.m */; };
		33E2FAA41AB230030033A6AC /* AppDelegate.m in Sources */ = {isa = PBXBuildFile; fileRef = 33E2FAA31AB230030033A6AC /* AppDelegate.m */; };
		33E2FAA71AB230030033A6AC /* ViewController.m in Sources */ = {isa = PBXBuildFile; fileRef = 33E2FAA61AB230030033A6AC /* ViewController.m */; };
		33E2FAAA1AB230030033A6AC /* Main.storyboard in Resources */ = {isa = PBXBuildFile; fileRef = 33E2FAA81AB230030033A6AC /* Main.storyboard */; };
		33E2FAAC1AB230030033A6AC /* Images.xcassets in Resources */ = {isa = PBXBuildFile; fileRef = 33E2FAAB1AB230030033A6AC /* Images.xcassets */; };
		33E2FAAF1AB230030033A6AC /* LaunchScreen.xib in Resources */ = {isa = PBXBuildFile; fileRef = 33E2FAAD1AB230030033A6AC /* LaunchScreen.xib */; };
		33E2FABB1AB230030033A6AC /* TicTacToeTests.m in Sources */ = {isa = PBXBuildFile; fileRef = 33E2FABA1AB230030033A6AC /* TicTacToeTests.m */; };
		6ECBB70F1AB3246200C966F5 /* webViewController.m in Sources */ = {isa = PBXBuildFile; fileRef = 6ECBB70E1AB3246200C966F5 /* webViewController.m */; };
/* End PBXBuildFile section */

/* Begin PBXContainerItemProxy section */
		33E2FAB51AB230030033A6AC /* PBXContainerItemProxy */ = {
			isa = PBXContainerItemProxy;
			containerPortal = 33E2FA931AB230030033A6AC /* Project object */;
			proxyType = 1;
			remoteGlobalIDString = 33E2FA9A1AB230030033A6AC;
			remoteInfo = TicTacToe;
		};
/* End PBXContainerItemProxy section */

/* Begin PBXFileReference section */
		33E2FA9B1AB230030033A6AC /* TicTacToe.app */ = {isa = PBXFileReference; explicitFileType = wrapper.application; includeInIndex = 0; path = TicTacToe.app; sourceTree = BUILT_PRODUCTS_DIR; };
		33E2FA9F1AB230030033A6AC /* Info.plist */ = {isa = PBXFileReference; lastKnownFileType = text.plist.xml; path = Info.plist; sourceTree = "<group>"; };
		33E2FAA01AB230030033A6AC /* main.m */ = {isa = PBXFileReference; lastKnownFileType = sourcecode.c.objc; path = main.m; sourceTree = "<group>"; };
		33E2FAA21AB230030033A6AC /* AppDelegate.h */ = {isa = PBXFileReference; lastKnownFileType = sourcecode.c.h; path = AppDelegate.h; sourceTree = "<group>"; };
		33E2FAA31AB230030033A6AC /* AppDelegate.m */ = {isa = PBXFileReference; lastKnownFileType = sourcecode.c.objc; path = AppDelegate.m; sourceTree = "<group>"; };
		33E2FAA51AB230030033A6AC /* ViewController.h */ = {isa = PBXFileReference; lastKnownFileType = sourcecode.c.h; path = ViewController.h; sourceTree = "<group>"; };
		33E2FAA61AB230030033A6AC /* ViewController.m */ = {isa = PBXFileReference; lastKnownFileType = sourcecode.c.objc; path = ViewController.m; sourceTree = "<group>"; };
		33E2FAA91AB230030033A6AC /* Base */ = {isa = PBXFileReference; lastKnownFileType = file.storyboard; name = Base; path = Base.lproj/Main.storyboard; sourceTree = "<group>"; };
		33E2FAAB1AB230030033A6AC /* Images.xcassets */ = {isa = PBXFileReference; lastKnownFileType = folder.assetcatalog; path = Images.xcassets; sourceTree = "<group>"; };
		33E2FAAE1AB230030033A6AC /* Base */ = {isa = PBXFileReference; lastKnownFileType = file.xib; name = Base; path = Base.lproj/LaunchScreen.xib; sourceTree = "<group>"; };
		33E2FAB41AB230030033A6AC /* TicTacToeTests.xctest */ = {isa = PBXFileReference; explicitFileType = wrapper.cfbundle; includeInIndex = 0; path = TicTacToeTests.xctest; sourceTree = BUILT_PRODUCTS_DIR; };
		33E2FAB91AB230030033A6AC /* Info.plist */ = {isa = PBXFileReference; lastKnownFileType = text.plist.xml; path = Info.plist; sourceTree = "<group>"; };
		33E2FABA1AB230030033A6AC /* TicTacToeTests.m */ = {isa = PBXFileReference; lastKnownFileType = sourcecode.c.objc; path = TicTacToeTests.m; sourceTree = "<group>"; };
		6ECBB70D1AB3246200C966F5 /* webViewController.h */ = {isa = PBXFileReference; fileEncoding = 4; lastKnownFileType = sourcecode.c.h; path = webViewController.h; sourceTree = "<group>"; };
		6ECBB70E1AB3246200C966F5 /* webViewController.m */ = {isa = PBXFileReference; fileEncoding = 4; lastKnownFileType = sourcecode.c.objc; path = webViewController.m; sourceTree = "<group>"; };
/* End PBXFileReference section */

/* Begin PBXFrameworksBuildPhase section */
		33E2FA981AB230030033A6AC /* Frameworks */ = {
			isa = PBXFrameworksBuildPhase;
			buildActionMask = 2147483647;
			files = (
			);
			runOnlyForDeploymentPostprocessing = 0;
		};
		33E2FAB11AB230030033A6AC /* Frameworks */ = {
			isa = PBXFrameworksBuildPhase;
			buildActionMask = 2147483647;
			files = (
			);
			runOnlyForDeploymentPostprocessing = 0;
		};
/* End PBXFrameworksBuildPhase section */

/* Begin PBXGroup section */
		33E2FA921AB230030033A6AC = {
			isa = PBXGroup;
			children = (
				33E2FA9D1AB230030033A6AC /* TicTacToe */,
				33E2FAB71AB230030033A6AC /* TicTacToeTests */,
				33E2FA9C1AB230030033A6AC /* Products */,
			);
			sourceTree = "<group>";
		};
		33E2FA9C1AB230030033A6AC /* Products */ = {
			isa = PBXGroup;
			children = (
				33E2FA9B1AB230030033A6AC /* TicTacToe.app */,
				33E2FAB41AB230030033A6AC /* TicTacToeTests.xctest */,
			);
			name = Products;
			sourceTree = "<group>";
		};
		33E2FA9D1AB230030033A6AC /* TicTacToe */ = {
			isa = PBXGroup;
			children = (
				33E2FAA21AB230030033A6AC /* AppDelegate.h */,
				33E2FAA31AB230030033A6AC /* AppDelegate.m */,
				33E2FAA51AB230030033A6AC /* ViewController.h */,
				33E2FAA61AB230030033A6AC /* ViewController.m */,
				33E2FAA81AB230030033A6AC /* Main.storyboard */,
				6ECBB70D1AB3246200C966F5 /* webViewController.h */,
				6ECBB70E1AB3246200C966F5 /* webViewController.m */,
				33E2FAAB1AB230030033A6AC /* Images.xcassets */,
				33E2FAAD1AB230030033A6AC /* LaunchScreen.xib */,
				33E2FA9E1AB230030033A6AC /* Supporting Files */,
			);
			path = TicTacToe;
			sourceTree = "<group>";
		};
		33E2FA9E1AB230030033A6AC /* Supporting Files */ = {
			isa = PBXGroup;
			children = (
				33E2FA9F1AB230030033A6AC /* Info.plist */,
				33E2FAA01AB230030033A6AC /* main.m */,
			);
			name = "Supporting Files";
			sourceTree = "<group>";
		};
		33E2FAB71AB230030033A6AC /* TicTacToeTests */ = {
			isa = PBXGroup;
			children = (
				33E2FABA1AB230030033A6AC /* TicTacToeTests.m */,
				33E2FAB81AB230030033A6AC /* Supporting Files */,
			);
			path = TicTacToeTests;
			sourceTree = "<group>";
		};
		33E2FAB81AB230030033A6AC /* Supporting Files */ = {
			isa = PBXGroup;
			children = (
				33E2FAB91AB230030033A6AC /* Info.plist */,
			);
			name = "Supporting Files";
			sourceTree = "<group>";
		};
/* End PBXGroup section */

/* Begin PBXNativeTarget section */
		33E2FA9A1AB230030033A6AC /* TicTacToe */ = {
			isa = PBXNativeTarget;
			buildConfigurationList = 33E2FABE1AB230030033A6AC /* Build configuration list for PBXNativeTarget "TicTacToe" */;
			buildPhases = (
				33E2FA971AB230030033A6AC /* Sources */,
				33E2FA981AB230030033A6AC /* Frameworks */,
				33E2FA991AB230030033A6AC /* Resources */,
			);
			buildRules = (
			);
			dependencies = (
			);
			name = TicTacToe;
			productName = TicTacToe;
			productReference = 33E2FA9B1AB230030033A6AC /* TicTacToe.app */;
			productType = "com.apple.product-type.application";
		};
		33E2FAB31AB230030033A6AC /* TicTacToeTests */ = {
			isa = PBXNativeTarget;
			buildConfigurationList = 33E2FAC11AB230030033A6AC /* Build configuration list for PBXNativeTarget "TicTacToeTests" */;
			buildPhases = (
				33E2FAB01AB230030033A6AC /* Sources */,
				33E2FAB11AB230030033A6AC /* Frameworks */,
				33E2FAB21AB230030033A6AC /* Resources */,
			);
			buildRules = (
			);
			dependencies = (
				33E2FAB61AB230030033A6AC /* PBXTargetDependency */,
			);
			name = TicTacToeTests;
			productName = TicTacToeTests;
			productReference = 33E2FAB41AB230030033A6AC /* TicTacToeTests.xctest */;
			productType = "com.apple.product-type.bundle.unit-test";
		};
/* End PBXNativeTarget section */

/* Begin PBXProject section */
		33E2FA931AB230030033A6AC /* Project object */ = {
			isa = PBXProject;
			attributes = {
				LastUpgradeCheck = 0610;
				ORGANIZATIONNAME = "Justin Haar";
				TargetAttributes = {
					33E2FA9A1AB230030033A6AC = {
						CreatedOnToolsVersion = 6.1.1;
					};
					33E2FAB31AB230030033A6AC = {
						CreatedOnToolsVersion = 6.1.1;
						TestTargetID = 33E2FA9A1AB230030033A6AC;
					};
				};
			};
			buildConfigurationList = 33E2FA961AB230030033A6AC /* Build configuration list for PBXProject "TicTacToe" */;
			compatibilityVersion = "Xcode 3.2";
			developmentRegion = English;
			hasScannedForEncodings = 0;
			knownRegions = (
				en,
				Base,
			);
			mainGroup = 33E2FA921AB230030033A6AC;
			productRefGroup = 33E2FA9C1AB230030033A6AC /* Products */;
			projectDirPath = "";
			projectRoot = "";
			targets = (
				33E2FA9A1AB230030033A6AC /* TicTacToe */,
				33E2FAB31AB230030033A6AC /* TicTacToeTests */,
			);
		};
/* End PBXProject section */

/* Begin PBXResourcesBuildPhase section */
		33E2FA991AB230030033A6AC /* Resources */ = {
			isa = PBXResourcesBuildPhase;
			buildActionMask = 2147483647;
			files = (
				33E2FAAA1AB230030033A6AC /* Main.storyboard in Resources */,
				33E2FAAF1AB230030033A6AC /* LaunchScreen.xib in Resources */,
				33E2FAAC1AB230030033A6AC /* Images.xcassets in Resources */,
			);
			runOnlyForDeploymentPostprocessing = 0;
		};
		33E2FAB21AB230030033A6AC /* Resources */ = {
			isa = PBXResourcesBuildPhase;
			buildActionMask = 2147483647;
			files = (
			);
			runOnlyForDeploymentPostprocessing = 0;
		};
/* End PBXResourcesBuildPhase section */

/* Begin PBXSourcesBuildPhase section */
		33E2FA971AB230030033A6AC /* Sources */ = {
			isa = PBXSourcesBuildPhase;
			buildActionMask = 2147483647;
			files = (
				33E2FAA71AB230030033A6AC /* ViewController.m in Sources */,
				33E2FAA41AB230030033A6AC /* AppDelegate.m in Sources */,
				33E2FAA11AB230030033A6AC /* main.m in Sources */,
				6ECBB70F1AB3246200C966F5 /* webViewController.m in Sources */,
			);
			runOnlyForDeploymentPostprocessing = 0;
		};
		33E2FAB01AB230030033A6AC /* Sources */ = {
			isa = PBXSourcesBuildPhase;
			buildActionMask = 2147483647;
			files = (
				33E2FABB1AB230030033A6AC /* TicTacToeTests.m in Sources */,
			);
			runOnlyForDeploymentPostprocessing = 0;
		};
/* End PBXSourcesBuildPhase section */

/* Begin PBXTargetDependency section */
		33E2FAB61AB230030033A6AC /* PBXTargetDependency */ = {
			isa = PBXTargetDependency;
			target = 33E2FA9A1AB230030033A6AC /* TicTacToe */;
			targetProxy = 33E2FAB51AB230030033A6AC /* PBXContainerItemProxy */;
		};
/* End PBXTargetDependency section */

/* Begin PBXVariantGroup section */
		33E2FAA81AB230030033A6AC /* Main.storyboard */ = {
			isa = PBXVariantGroup;
			children = (
				33E2FAA91AB230030033A6AC /* Base */,
			);
			name = Main.storyboard;
			sourceTree = "<group>";
		};
		33E2FAAD1AB230030033A6AC /* LaunchScreen.xib */ = {
			isa = PBXVariantGroup;
			children = (
				33E2FAAE1AB230030033A6AC /* Base */,
			);
			name = LaunchScreen.xib;
			sourceTree = "<group>";
		};
/* End PBXVariantGroup section */

/* Begin XCBuildConfiguration section */
		33E2FABC1AB230030033A6AC /* Debug */ = {
			isa = XCBuildConfiguration;
			buildSettings = {
				ALWAYS_SEARCH_USER_PATHS = NO;
				CLANG_CXX_LANGUAGE_STANDARD = "gnu++0x";
				CLANG_CXX_LIBRARY = "libc++";
				CLANG_ENABLE_MODULES = YES;
				CLANG_ENABLE_OBJC_ARC = YES;
				CLANG_WARN_BOOL_CONVERSION = YES;
				CLANG_WARN_CONSTANT_CONVERSION = YES;
				CLANG_WARN_DIRECT_OBJC_ISA_USAGE = YES_ERROR;
				CLANG_WARN_EMPTY_BODY = YES;
				CLANG_WARN_ENUM_CONVERSION = YES;
				CLANG_WARN_INT_CONVERSION = YES;
				CLANG_WARN_OBJC_ROOT_CLASS = YES_ERROR;
				CLANG_WARN_UNREACHABLE_CODE = YES;
				CLANG_WARN__DUPLICATE_METHOD_MATCH = YES;
				"CODE_SIGN_IDENTITY[sdk=iphoneos*]" = "iPhone Developer";
				COPY_PHASE_STRIP = NO;
				ENABLE_STRICT_OBJC_MSGSEND = YES;
				GCC_C_LANGUAGE_STANDARD = gnu99;
				GCC_DYNAMIC_NO_PIC = NO;
				GCC_OPTIMIZATION_LEVEL = 0;
				GCC_PREPROCESSOR_DEFINITIONS = (
					"DEBUG=1",
					"$(inherited)",
				);
				GCC_SYMBOLS_PRIVATE_EXTERN = NO;
				GCC_WARN_64_TO_32_BIT_CONVERSION = YES;
				GCC_WARN_ABOUT_RETURN_TYPE = YES_ERROR;
				GCC_WARN_UNDECLARED_SELECTOR = YES;
				GCC_WARN_UNINITIALIZED_AUTOS = YES_AGGRESSIVE;
				GCC_WARN_UNUSED_FUNCTION = YES;
				GCC_WARN_UNUSED_VARIABLE = YES;
				IPHONEOS_DEPLOYMENT_TARGET = 8.1;
				MTL_ENABLE_DEBUG_INFO = YES;
				ONLY_ACTIVE_ARCH = YES;
				SDKROOT = iphoneos;
				TARGETED_DEVICE_FAMILY = "1,2";
			};
			name = Debug;
		};
		33E2FABD1AB230030033A6AC /* Release */ = {
			isa = XCBuildConfiguration;
			buildSettings = {
				ALWAYS_SEARCH_USER_PATHS = NO;
				CLANG_CXX_LANGUAGE_STANDARD = "gnu++0x";
				CLANG_CXX_LIBRARY = "libc++";
				CLANG_ENABLE_MODULES = YES;
				CLANG_ENABLE_OBJC_ARC = YES;
				CLANG_WARN_BOOL_CONVERSION = YES;
				CLANG_WARN_CONSTANT_CONVERSION = YES;
				CLANG_WARN_DIRECT_OBJC_ISA_USAGE = YES_ERROR;
				CLANG_WARN_EMPTY_BODY = YES;
				CLANG_WARN_ENUM_CONVERSION = YES;
				CLANG_WARN_INT_CONVERSION = YES;
				CLANG_WARN_OBJC_ROOT_CLASS = YES_ERROR;
				CLANG_WARN_UNREACHABLE_CODE = YES;
				CLANG_WARN__DUPLICATE_METHOD_MATCH = YES;
				"CODE_SIGN_IDENTITY[sdk=iphoneos*]" = "iPhone Developer";
				COPY_PHASE_STRIP = YES;
				ENABLE_NS_ASSERTIONS = NO;
				ENABLE_STRICT_OBJC_MSGSEND = YES;
				GCC_C_LANGUAGE_STANDARD = gnu99;
				GCC_WARN_64_TO_32_BIT_CONVERSION = YES;
				GCC_WARN_ABOUT_RETURN_TYPE = YES_ERROR;
				GCC_WARN_UNDECLARED_SELECTOR = YES;
				GCC_WARN_UNINITIALIZED_AUTOS = YES_AGGRESSIVE;
				GCC_WARN_UNUSED_FUNCTION = YES;
				GCC_WARN_UNUSED_VARIABLE = YES;
				IPHONEOS_DEPLOYMENT_TARGET = 8.1;
				MTL_ENABLE_DEBUG_INFO = NO;
				SDKROOT = iphoneos;
				TARGETED_DEVICE_FAMILY = "1,2";
				VALIDATE_PRODUCT = YES;
			};
			name = Release;
		};
		33E2FABF1AB230030033A6AC /* Debug */ = {
			isa = XCBuildConfiguration;
			buildSettings = {
				ASSETCATALOG_COMPILER_APPICON_NAME = AppIcon;
				INFOPLIST_FILE = TicTacToe/Info.plist;
				LD_RUNPATH_SEARCH_PATHS = "$(inherited) @executable_path/Frameworks";
				PRODUCT_NAME = "$(TARGET_NAME)";
			};
			name = Debug;
		};
		33E2FAC01AB230030033A6AC /* Release */ = {
			isa = XCBuildConfiguration;
			buildSettings = {
				ASSETCATALOG_COMPILER_APPICON_NAME = AppIcon;
				INFOPLIST_FILE = TicTacToe/Info.plist;
				LD_RUNPATH_SEARCH_PATHS = "$(inherited) @executable_path/Frameworks";
				PRODUCT_NAME = "$(TARGET_NAME)";
			};
			name = Release;
		};
		33E2FAC21AB230030033A6AC /* Debug */ = {
			isa = XCBuildConfiguration;
			buildSettings = {
				BUNDLE_LOADER = "$(TEST_HOST)";
				FRAMEWORK_SEARCH_PATHS = (
					"$(SDKROOT)/Developer/Library/Frameworks",
					"$(inherited)",
				);
				GCC_PREPROCESSOR_DEFINITIONS = (
					"DEBUG=1",
					"$(inherited)",
				);
				INFOPLIST_FILE = TicTacToeTests/Info.plist;
				LD_RUNPATH_SEARCH_PATHS = "$(inherited) @executable_path/Frameworks @loader_path/Frameworks";
				PRODUCT_NAME = "$(TARGET_NAME)";
				TEST_HOST = "$(BUILT_PRODUCTS_DIR)/TicTacToe.app/TicTacToe";
			};
			name = Debug;
		};
		33E2FAC31AB230030033A6AC /* Release */ = {
			isa = XCBuildConfiguration;
			buildSettings = {
				BUNDLE_LOADER = "$(TEST_HOST)";
				FRAMEWORK_SEARCH_PATHS = (
					"$(SDKROOT)/Developer/Library/Frameworks",
					"$(inherited)",
				);
				INFOPLIST_FILE = TicTacToeTests/Info.plist;
				LD_RUNPATH_SEARCH_PATHS = "$(inherited) @executable_path/Frameworks @loader_path/Frameworks";
				PRODUCT_NAME = "$(TARGET_NAME)";
				TEST_HOST = "$(BUILT_PRODUCTS_DIR)/TicTacToe.app/TicTacToe";
			};
			name = Release;
		};
/* End XCBuildConfiguration section */

/* Begin XCConfigurationList section */
		33E2FA961AB230030033A6AC /* Build configuration list for PBXProject "TicTacToe" */ = {
			isa = XCConfigurationList;
			buildConfigurations = (
				33E2FABC1AB230030033A6AC /* Debug */,
				33E2FABD1AB230030033A6AC /* Release */,
			);
			defaultConfigurationIsVisible = 0;
			defaultConfigurationName = Release;
		};
		33E2FABE1AB230030033A6AC /* Build configuration list for PBXNativeTarget "TicTacToe" */ = {
			isa = XCConfigurationList;
			buildConfigurations = (
				33E2FABF1AB230030033A6AC /* Debug */,
				33E2FAC01AB230030033A6AC /* Release */,
			);
			defaultConfigurationIsVisible = 0;
			defaultConfigurationName = Release;
		};
		33E2FAC11AB230030033A6AC /* Build configuration list for PBXNativeTarget "TicTacToeTests" */ = {
			isa = XCConfigurationList;
			buildConfigurations = (
				33E2FAC21AB230030033A6AC /* Debug */,
				33E2FAC31AB230030033A6AC /* Release */,
			);
			defaultConfigurationIsVisible = 0;
			defaultConfigurationName = Release;
		};
/* End XCConfigurationList section */
	};
	rootObject = 33E2FA931AB230030033A6AC /* Project object */;
}
